
Microsoft Visual Studio Solution File, Format Version 12.00
# Visual Studio Version 17
VisualStudioVersion = 17.5.33502.453
MinimumVisualStudioVersion = 10.0.40219.1
Project("{FAE04EC0-301F-11D3-BF4B-00C04F79EFBC}") = "SuperSteamPacker", "SuperSteamPacker.csproj", "{A8C1F190-F299-4027-9C5A-FA65ACDA5841}"
EndProject
Global
	GlobalSection(SolutionConfigurationPlatforms) = preSolution
		Debug|Any CPU = Debug|Any CPU
		Release|Any CPU = Release|Any CPU
	EndGlobalSection
	GlobalSection(ProjectConfigurationPlatforms) = postSolution
		{A8C1F190-F299-4027-9C5A-FA65ACDA5841}.Debug|Any CPU.ActiveCfg = Debug|Any CPU
		{A8C1F190-F299-4027-9C5A-FA65ACDA5841}.Debug|Any CPU.Build.0 = Debug|Any CPU
		{A8C1F190-F299-4027-9C5A-FA65ACDA5841}.Release|Any CPU.ActiveCfg = Release|Any CPU
		{A8C1F190-F299-4027-9C5A-FA65ACDA5841}.Release|Any CPU.Build.0 = Release|Any CPU
	EndGlobalSection
	GlobalSection(SolutionProperties) = preSolution
		HideSolutionNode = FALSE
	EndGlobalSection
	GlobalSection(ExtensibilityGlobals) = postSolution
		SolutionGuid = {ED24917F-9768-49EB-97E9-6C4E1045B5BA}
	EndGlobalSection
EndGlobal
